<?xml version="1.0" encoding="utf-8"?>
<Project ToolsVersion="4.0" xmlns="http://schemas.microsoft.com/developer/msbuild/2003">
  <ItemGroup>
    <Filter Include="源文件">
      <UniqueIdentifier>{4FC737F1-C7A5-4376-A066-2A32D752A2FF}</UniqueIdentifier>
      <Extensions>cpp;c;cc;cxx;c++;cppm;ixx;def;odl;idl;hpj;bat;asm;asmx</Extensions>
    </Filter>
    <Filter Include="头文件">
      <UniqueIdentifier>{93995380-89BD-4b04-88EB-625FBE52EBFB}</UniqueIdentifier>
      <Extensions>h;hh;hpp;hxx;h++;hm;inl;inc;ipp;xsd</Extensions>
    </Filter>
    <Filter Include="资源文件">
      <UniqueIdentifier>{67DA6AB6-F800-4c08-8B7A-83BB121AAD01}</UniqueIdentifier>
      <Extensions>rc;ico;cur;bmp;dlg;rc2;rct;bin;rgs;gif;jpg;jpeg;jpe;resx;tiff;tif;png;wav;mfcribbon-ms</Extensions>
    </Filter>
    <Filter Include="quicklist">
      <UniqueIdentifier>{b15df88d-693f-4838-879e-cca89d056d0c}</UniqueIdentifier>
    </Filter>
  </ItemGroup>
  <ItemGroup>
    <ClInclude Include="MFCdisk2vmdk.h">
      <Filter>头文件</Filter>
    </ClInclude>
    <ClInclude Include="MFCdisk2vmdkDlg.h">
      <Filter>头文件</Filter>
    </ClInclude>
    <ClInclude Include="framework.h">
      <Filter>头文件</Filter>
    </ClInclude>
    <ClInclude Include="targetver.h">
      <Filter>头文件</Filter>
    </ClInclude>
    <ClInclude Include="Resource.h">
      <Filter>头文件</Filter>
    </ClInclude>
    <ClInclude Include="pch.h">
      <Filter>头文件</Filter>
    </ClInclude>
    <ClInclude Include="DiskList.h">
      <Filter>头文件</Filter>
    </ClInclude>
    <ClInclude Include="CPartDlg.h">
      <Filter>头文件</Filter>
    </ClInclude>
    <ClInclude Include="PartList.h">
      <Filter>头文件</Filter>
    </ClInclude>
    <ClInclude Include="..\core\Disks.h">
      <Filter>头文件</Filter>
    </ClInclude>
    <ClInclude Include="..\core\human-readable.h">
      <Filter>头文件</Filter>
    </ClInclude>
    <ClInclude Include="..\core\ImageMaker.h">
      <Filter>头文件</Filter>
    </ClInclude>
    <ClInclude Include="..\core\json.hpp">
      <Filter>头文件</Filter>
    </ClInclude>
    <ClInclude Include="..\core\langstr.h">
      <Filter>头文件</Filter>
    </ClInclude>
    <ClInclude Include="..\core\RangeMgr.h">
      <Filter>头文件</Filter>
    </ClInclude>
    <ClInclude Include="..\core\SubProcess.h">
      <Filter>头文件</Filter>
    </ClInclude>
    <ClInclude Include="..\core\Thread.h">
      <Filter>头文件</Filter>
    </ClInclude>
    <ClInclude Include="..\core\wmiutil.h">
      <Filter>头文件</Filter>
    </ClInclude>
    <ClInclude Include="QuickEdit.h">
      <Filter>quicklist</Filter>
    </ClInclude>
    <ClInclude Include="QuickList.h">
      <Filter>quicklist</Filter>
    </ClInclude>
    <ClInclude Include="..\core\VolumeReader.h">
      <Filter>头文件</Filter>
    </ClInclude>
    <ClInclude Include="..\core\vssclient.h">
      <Filter>头文件</Filter>
    </ClInclude>
    <ClInclude Include="..\core\osutils.h">
      <Filter>头文件</Filter>
    </ClInclude>
    <ClInclude Include="..\core\vssProv.h">
      <Filter>头文件</Filter>
    </ClInclude>
    <ClInclude Include="..\core\VBoxSimple.h">
      <Filter>头文件</Filter>
    </ClInclude>
    <ClInclude Include="GetPCInfo.h">
      <Filter>头文件</Filter>
    </ClInclude>
    <ClInclude Include="CConnDlg.h">
      <Filter>头文件</Filter>
    </ClInclude>
    <ClInclude Include="..\misc\netutils.h">
      <Filter>头文件</Filter>
    </ClInclude>
    <ClInclude Include="..\core\Cconnection.h">
      <Filter>头文件</Filter>
    </ClInclude>
    <ClInclude Include="..\misc\ecdh.h">
      <Filter>头文件</Filter>
    </ClInclude>
    <ClInclude Include="..\misc\SecureLayer.h">
      <Filter>头文件</Filter>
    </ClInclude>
    <ClInclude Include="..\misc\rc4.h">
      <Filter>头文件</Filter>
    </ClInclude>
    <ClInclude Include="..\misc\NBSocket.h">
      <Filter>头文件</Filter>
    </ClInclude>
    <ClInclude Include="..\core\Buffer.h">
      <Filter>头文件</Filter>
    </ClInclude>
  </ItemGroup>
  <ItemGroup>
    <ClCompile Include="MFCdisk2vmdk.cpp">
      <Filter>源文件</Filter>
    </ClCompile>
    <ClCompile Include="MFCdisk2vmdkDlg.cpp">
      <Filter>源文件</Filter>
    </ClCompile>
    <ClCompile Include="pch.cpp">
      <Filter>源文件</Filter>
    </ClCompile>
    <ClCompile Include="DiskList.cpp">
      <Filter>源文件</Filter>
    </ClCompile>
    <ClCompile Include="CPartDlg.cpp">
      <Filter>源文件</Filter>
    </ClCompile>
    <ClCompile Include="PartList.cpp">
      <Filter>源文件</Filter>
    </ClCompile>
    <ClCompile Include="..\core\Disks.cpp">
      <Filter>源文件</Filter>
    </ClCompile>
    <ClCompile Include="..\core\human-readable.cpp">
      <Filter>源文件</Filter>
    </ClCompile>
    <ClCompile Include="..\core\ImageMaker.cpp">
      <Filter>源文件</Filter>
    </ClCompile>
    <ClCompile Include="..\core\langstr.cpp">
      <Filter>源文件</Filter>
    </ClCompile>
    <ClCompile Include="..\core\SubProcess.cpp">
      <Filter>源文件</Filter>
    </ClCompile>
    <ClCompile Include="..\core\Thread.cpp">
      <Filter>源文件</Filter>
    </ClCompile>
    <ClCompile Include="..\core\wmiutil.cpp">
      <Filter>源文件</Filter>
    </ClCompile>
    <ClCompile Include="QuickEdit.cpp">
      <Filter>quicklist</Filter>
    </ClCompile>
    <ClCompile Include="QuickList.cpp">
      <Filter>quicklist</Filter>
    </ClCompile>
    <ClCompile Include="..\core\VolumeReader.cpp">
      <Filter>源文件</Filter>
    </ClCompile>
    <ClCompile Include="..\core\vssclient.cpp">
      <Filter>源文件</Filter>
    </ClCompile>
    <ClCompile Include="..\core\osutils.cpp">
      <Filter>源文件</Filter>
    </ClCompile>
    <ClCompile Include="..\core\vss2003Prov.cpp">
      <Filter>源文件</Filter>
    </ClCompile>
    <ClCompile Include="..\core\vssXPProv.cpp">
      <Filter>源文件</Filter>
    </ClCompile>
    <ClCompile Include="..\core\VBoxSimple.cpp">
      <Filter>源文件</Filter>
    </ClCompile>
    <ClCompile Include="GetPCInfo.cpp">
      <Filter>源文件</Filter>
    </ClCompile>
    <ClCompile Include="CConnDlg.cpp">
      <Filter>源文件</Filter>
    </ClCompile>
    <ClCompile Include="..\misc\netutils.cpp">
      <Filter>源文件</Filter>
    </ClCompile>
    <ClCompile Include="..\core\Cconnection.cpp">
      <Filter>源文件</Filter>
    </ClCompile>
    <ClCompile Include="..\misc\ecdh.c">
      <Filter>源文件</Filter>
    </ClCompile>
    <ClCompile Include="..\misc\SecureLayer.cpp">
      <Filter>源文件</Filter>
    </ClCompile>
    <ClCompile Include="..\misc\rc4.c">
      <Filter>源文件</Filter>
    </ClCompile>
    <ClCompile Include="..\misc\NBSocket.cpp">
      <Filter>源文件</Filter>
    </ClCompile>
    <ClCompile Include="..\core\Buffer.cpp">
      <Filter>源文件</Filter>
    </ClCompile>
  </ItemGroup>
  <ItemGroup>
    <ResourceCompile Include="MFCdisk2vmdk.rc">
      <Filter>资源文件</Filter>
    </ResourceCompile>
  </ItemGroup>
  <ItemGroup>
    <None Include="res\MFCdisk2vmdk.rc2">
      <Filter>资源文件</Filter>
    </None>
  </ItemGroup>
  <ItemGroup>
    <Image Include="res\MFCdisk2vmdk.ico">
      <Filter>资源文件</Filter>
    </Image>
    <Image Include="res\公众号.bmp">
      <Filter>资源文件</Filter>
    </Image>
    <Image Include="res\favicon.ico">
      <Filter>资源文件</Filter>
    </Image>
  </ItemGroup>
</Project>